<?xml version="1.0" encoding="utf-8"?>
<Project ToolsVersion="4.0" xmlns="http://schemas.microsoft.com/developer/msbuild/2003">
  <ItemGroup>
    <ClCompile Include="source\main.cpp">
      <Filter>source</Filter>
    </ClCompile>
    <ClCompile Include="source\ManipulatorModule.cpp">
      <Filter>source</Filter>
    </ClCompile>
    <ClCompile Include="source\ResourceModule.cpp">
      <Filter>source</Filter>
    </ClCompile>
    <ClCompile Include="source\glad.c">
      <Filter>source</Filter>
    </ClCompile>
  </ItemGroup>
  <ItemGroup>
    <ClInclude Include="header\consts.h">
      <Filter>header</Filter>
    </ClInclude>
    <ClInclude Include="header\ManipulatorModule.h">
      <Filter>header</Filter>
    </ClInclude>
    <ClInclude Include="header\ResourceModule.h">
      <Filter>header</Filter>
    </ClInclude>
    <ClInclude Include="header\utils.h">
      <Filter>header</Filter>
    </ClInclude>
  </ItemGroup>
  <ItemGroup>
    <Filter Include="source">
      <UniqueIdentifier>{941bc28d-8eaa-49cb-80a3-fcb8cbeabb57}</UniqueIdentifier>
    </Filter>
    <Filter Include="header">
      <UniqueIdentifier>{2289969e-ac1e-4350-a244-c83c7222720b}</UniqueIdentifier>
    </Filter>
    <Filter Include="shader">
      <UniqueIdentifier>{4d88fcdc-f11f-4487-b294-f4a204c41d99}</UniqueIdentifier>
    </Filter>
  </ItemGroup>
  <ItemGroup>
    <None Include="shader\VertexShader.glsl">
      <Filter>shader</Filter>
    </None>
  </ItemGroup>
</Project>